
Microsoft Visual Studio Solution File, Format Version 12.00
# Visual Studio 15
VisualStudioVersion = 15.0.26430.16
MinimumVisualStudioVersion = 10.0.40219.1
Project("{9A19103F-16F7-4668-BE54-9A1E7A4F7556}") = "TacoTruck", "TacoTruck\TacoTruck.csproj", "{A133FCC1-D88B-4318-9F4D-3D60E56349D6}"
EndProject
Global
	GlobalSection(SolutionConfigurationPlatforms) = preSolution
		Debug|Any CPU = Debug|Any CPU
		DebugWithWatch|Any CPU = DebugWithWatch|Any CPU
		Release|Any CPU = Release|Any CPU
	EndGlobalSection
	GlobalSection(ProjectConfigurationPlatforms) = postSolution
		{A133FCC1-D88B-4318-9F4D-3D60E56349D6}.Debug|Any CPU.ActiveCfg = Debug|Any CPU
		{A133FCC1-D88B-4318-9F4D-3D60E56349D6}.Debug|Any CPU.Build.0 = Debug|Any CPU
		{A133FCC1-D88B-4318-9F4D-3D60E56349D6}.DebugWithWatch|Any CPU.ActiveCfg = Debug|Any CPU
		{A133FCC1-D88B-4318-9F4D-3D60E56349D6}.DebugWithWatch|Any CPU.Build.0 = Debug|Any CPU
		{A133FCC1-D88B-4318-9F4D-3D60E56349D6}.Release|Any CPU.ActiveCfg = Release|Any CPU
		{A133FCC1-D88B-4318-9F4D-3D60E56349D6}.Release|Any CPU.Build.0 = Release|Any CPU
	EndGlobalSection
	GlobalSection(SolutionProperties) = preSolution
		HideSolutionNode = FALSE
	EndGlobalSection
	GlobalSection(ExtensibilityGlobals) = postSolution
		SolutionGuid = {4D1EA241-1EAA-4062-A617-C084C9394DCA}
	EndGlobalSection
EndGlobal
